// !$*UTF8*$!
{
	archiveVersion = 1;
	classes = {
	};
	objectVersion = 46;
	objects = {

/* Begin PBXBuildFile section */
		B9BADFC51B0A773300C2E98F /* worker.cpp in Sources */ = {isa = PBXBuildFile; fileRef = B9BADFC41B0A773300C2E98F /* worker.cpp */; };
		B9BADFC81B0A783500C2E98F /* hourlyworker.cpp in Sources */ = {isa = PBXBuildFile; fileRef = B9BADFC71B0A783500C2E98F /* hourlyworker.cpp */; };
		B9BADFCB1B0A78B600C2E98F /* salaryworker.cpp in Sources */ = {isa = PBXBuildFile; fileRef = B9BADFCA1B0A78B600C2E98F /* salaryworker.cpp */; };
		B9BADFD11B0AD80400C2E98F /* main.cpp in Sources */ = {isa = PBXBuildFile; fileRef = B9BADFD01B0AD80400C2E98F /* main.cpp */; };
/* End PBXBuildFile section */

/* Begin PBXCopyFilesBuildPhase section */
		B9BADFB71B0A762D00C2E98F /* CopyFiles */ = {
			isa = PBXCopyFilesBuildPhase;
			buildActionMask = 2147483647;
			dstPath = /usr/share/man/man1/;
			dstSubfolderSpec = 0;
			files = (
			);
			runOnlyForDeploymentPostprocessing = 1;
		};
/* End PBXCopyFilesBuildPhase section */

/* Begin PBXFileReference section */
		B9BADFC31B0A767B00C2E98F /* worker.h */ = {isa = PBXFileReference; fileEncoding = 4; lastKnownFileType = sourcecode.c.h; path = worker.h; sourceTree = "<group>"; };
		B9BADFC41B0A773300C2E98F /* worker.cpp */ = {isa = PBXFileReference; fileEncoding = 4; lastKnownFileType = sourcecode.cpp.cpp; path = worker.cpp; sourceTree = "<group>"; };
		B9BADFC61B0A77E800C2E98F /* hourlyworker.h */ = {isa = PBXFileReference; fileEncoding = 4; lastKnownFileType = sourcecode.c.h; path = hourlyworker.h; sourceTree = "<group>"; };
		B9BADFC71B0A783500C2E98F /* hourlyworker.cpp */ = {isa = PBXFileReference; fileEncoding = 4; lastKnownFileType = sourcecode.cpp.cpp; path = hourlyworker.cpp; sourceTree = "<group>"; };
		B9BADFC91B0A788C00C2E98F /* salaryworker.h */ = {isa = PBXFileReference; fileEncoding = 4; lastKnownFileType = sourcecode.c.h; path = salaryworker.h; sourceTree = "<group>"; };
		B9BADFCA1B0A78B600C2E98F /* salaryworker.cpp */ = {isa = PBXFileReference; fileEncoding = 4; lastKnownFileType = sourcecode.cpp.cpp; path = salaryworker.cpp; sourceTree = "<group>"; };
		B9BADFCF1B0AD1B800C2E98F /* homework */ = {isa = PBXFileReference; explicitFileType = "compiled.mach-o.executable"; includeInIndex = 0; path = homework; sourceTree = BUILT_PRODUCTS_DIR; };
		B9BADFD01B0AD80400C2E98F /* main.cpp */ = {isa = PBXFileReference; fileEncoding = 4; lastKnownFileType = sourcecode.cpp.cpp; path = main.cpp; sourceTree = "<group>"; };
/* End PBXFileReference section */

/* Begin PBXFrameworksBuildPhase section */
		B9BADFB61B0A762D00C2E98F /* Frameworks */ = {
			isa = PBXFrameworksBuildPhase;
			buildActionMask = 2147483647;
			files = (
			);
			runOnlyForDeploymentPostprocessing = 0;
		};
/* End PBXFrameworksBuildPhase section */

/* Begin PBXGroup section */
		B9BADFB01B0A762D00C2E98F = {
			isa = PBXGroup;
			children = (
				B9BADFD01B0AD80400C2E98F /* main.cpp */,
				B9BADFCA1B0A78B600C2E98F /* salaryworker.cpp */,
				B9BADFC91B0A788C00C2E98F /* salaryworker.h */,
				B9BADFC71B0A783500C2E98F /* hourlyworker.cpp */,
				B9BADFC61B0A77E800C2E98F /* hourlyworker.h */,
				B9BADFC41B0A773300C2E98F /* worker.cpp */,
				B9BADFC31B0A767B00C2E98F /* worker.h */,
				B9BADFCF1B0AD1B800C2E98F /* homework */,
			);
			sourceTree = "<group>";
		};
/* End PBXGroup section */

/* Begin PBXNativeTarget section */
		B9BADFB81B0A762D00C2E98F /* homework */ = {
			isa = PBXNativeTarget;
			buildConfigurationList = B9BADFC01B0A762D00C2E98F /* Build configuration list for PBXNativeTarget "homework" */;
			buildPhases = (
				B9BADFB51B0A762D00C2E98F /* Sources */,
				B9BADFB61B0A762D00C2E98F /* Frameworks */,
				B9BADFB71B0A762D00C2E98F /* CopyFiles */,
			);
			buildRules = (
			);
			dependencies = (
			);
			name = homework;
			productName = homework;
			productReference = B9BADFCF1B0AD1B800C2E98F /* homework */;
			productType = "com.apple.product-type.tool";
		};
/* End PBXNativeTarget section */

/* Begin PBXProject section */
		B9BADFB11B0A762D00C2E98F /* Project object */ = {
			isa = PBXProject;
			attributes = {
				LastUpgradeCheck = 0620;
				ORGANIZATIONNAME = "Steven Tang";
				TargetAttributes = {
					B9BADFB81B0A762D00C2E98F = {
						CreatedOnToolsVersion = 6.2;
					};
				};
			};
			buildConfigurationList = B9BADFB41B0A762D00C2E98F /* Build configuration list for PBXProject "homework" */;
			compatibilityVersion = "Xcode 3.2";
			developmentRegion = English;
			hasScannedForEncodings = 0;
			knownRegions = (
				en,
			);
			mainGroup = B9BADFB01B0A762D00C2E98F;
			productRefGroup = B9BADFB01B0A762D00C2E98F;
			projectDirPath = "";
			projectRoot = "";
			targets = (
				B9BADFB81B0A762D00C2E98F /* homework */,
			);
		};
/* End PBXProject section */

/* Begin PBXSourcesBuildPhase section */
		B9BADFB51B0A762D00C2E98F /* Sources */ = {
			isa = PBXSourcesBuildPhase;
			buildActionMask = 2147483647;
			files = (
				B9BADFC81B0A783500C2E98F /* hourlyworker.cpp in Sources */,
				B9BADFC51B0A773300C2E98F /* worker.cpp in Sources */,
				B9BADFD11B0AD80400C2E98F /* main.cpp in Sources */,
				B9BADFCB1B0A78B600C2E98F /* salaryworker.cpp in Sources */,
			);
			runOnlyForDeploymentPostprocessing = 0;
		};
/* End PBXSourcesBuildPhase section */

/* Begin XCBuildConfiguration section */
		B9BADFBE1B0A762D00C2E98F /* Debug */ = {
			isa = XCBuildConfiguration;
			buildSettings = {
				ALWAYS_SEARCH_USER_PATHS = NO;
				CLANG_CXX_LANGUAGE_STANDARD = "gnu++0x";
				CLANG_CXX_LIBRARY = "libc++";
				CLANG_ENABLE_MODULES = YES;
				CLANG_ENABLE_OBJC_ARC = YES;
				CLANG_WARN_BOOL_CONVERSION = YES;
				CLANG_WARN_CONSTANT_CONVERSION = YES;
				CLANG_WARN_DIRECT_OBJC_ISA_USAGE = YES_ERROR;
				CLANG_WARN_EMPTY_BODY = YES;
				CLANG_WARN_ENUM_CONVERSION = YES;
				CLANG_WARN_INT_CONVERSION = YES;
				CLANG_WARN_OBJC_ROOT_CLASS = YES_ERROR;
				CLANG_WARN_UNREACHABLE_CODE = YES;
				CLANG_WARN__DUPLICATE_METHOD_MATCH = YES;
				COPY_PHASE_STRIP = NO;
				ENABLE_STRICT_OBJC_MSGSEND = YES;
				GCC_C_LANGUAGE_STANDARD = gnu99;
				GCC_DYNAMIC_NO_PIC = NO;
				GCC_OPTIMIZATION_LEVEL = 0;
				GCC_PREPROCESSOR_DEFINITIONS = (
					"DEBUG=1",
					"$(inherited)",
				);
				GCC_SYMBOLS_PRIVATE_EXTERN = NO;
				GCC_WARN_64_TO_32_BIT_CONVERSION = YES;
				GCC_WARN_ABOUT_RETURN_TYPE = YES_ERROR;
				GCC_WARN_UNDECLARED_SELECTOR = YES;
				GCC_WARN_UNINITIALIZED_AUTOS = YES_AGGRESSIVE;
				GCC_WARN_UNUSED_FUNCTION = YES;
				GCC_WARN_UNUSED_VARIABLE = YES;
				MACOSX_DEPLOYMENT_TARGET = 10.10;
				MTL_ENABLE_DEBUG_INFO = YES;
				ONLY_ACTIVE_ARCH = YES;
				SDKROOT = macosx;
			};
			name = Debug;
		};
		B9BADFBF1B0A762D00C2E98F /* Release */ = {
			isa = XCBuildConfiguration;
			buildSettings = {
				ALWAYS_SEARCH_USER_PATHS = NO;
				CLANG_CXX_LANGUAGE_STANDARD = "gnu++0x";
				CLANG_CXX_LIBRARY = "libc++";
				CLANG_ENABLE_MODULES = YES;
				CLANG_ENABLE_OBJC_ARC = YES;
				CLANG_WARN_BOOL_CONVERSION = YES;
				CLANG_WARN_CONSTANT_CONVERSION = YES;
				CLANG_WARN_DIRECT_OBJC_ISA_USAGE = YES_ERROR;
				CLANG_WARN_EMPTY_BODY = YES;
				CLANG_WARN_ENUM_CONVERSION = YES;
				CLANG_WARN_INT_CONVERSION = YES;
				CLANG_WARN_OBJC_ROOT_CLASS = YES_ERROR;
				CLANG_WARN_UNREACHABLE_CODE = YES;
				CLANG_WARN__DUPLICATE_METHOD_MATCH = YES;
				COPY_PHASE_STRIP = NO;
				DEBUG_INFORMATION_FORMAT = "dwarf-with-dsym";
				ENABLE_NS_ASSERTIONS = NO;
				ENABLE_STRICT_OBJC_MSGSEND = YES;
				GCC_C_LANGUAGE_STANDARD = gnu99;
				GCC_WARN_64_TO_32_BIT_CONVERSION = YES;
				GCC_WARN_ABOUT_RETURN_TYPE = YES_ERROR;
				GCC_WARN_UNDECLARED_SELECTOR = YES;
				GCC_WARN_UNINITIALIZED_AUTOS = YES_AGGRESSIVE;
				GCC_WARN_UNUSED_FUNCTION = YES;
				GCC_WARN_UNUSED_VARIABLE = YES;
				MACOSX_DEPLOYMENT_TARGET = 10.10;
				MTL_ENABLE_DEBUG_INFO = NO;
				SDKROOT = macosx;
			};
			name = Release;
		};
		B9BADFC11B0A762D00C2E98F /* Debug */ = {
			isa = XCBuildConfiguration;
			buildSettings = {
				PRODUCT_NAME = "$(TARGET_NAME)";
			};
			name = Debug;
		};
		B9BADFC21B0A762D00C2E98F /* Release */ = {
			isa = XCBuildConfiguration;
			buildSettings = {
				PRODUCT_NAME = "$(TARGET_NAME)";
			};
			name = Release;
		};
/* End XCBuildConfiguration section */

/* Begin XCConfigurationList section */
		B9BADFB41B0A762D00C2E98F /* Build configuration list for PBXProject "homework" */ = {
			isa = XCConfigurationList;
			buildConfigurations = (
				B9BADFBE1B0A762D00C2E98F /* Debug */,
				B9BADFBF1B0A762D00C2E98F /* Release */,
			);
			defaultConfigurationIsVisible = 0;
			defaultConfigurationName = Release;
		};
		B9BADFC01B0A762D00C2E98F /* Build configuration list for PBXNativeTarget "homework" */ = {
			isa = XCConfigurationList;
			buildConfigurations = (
				B9BADFC11B0A762D00C2E98F /* Debug */,
				B9BADFC21B0A762D00C2E98F /* Release */,
			);
			defaultConfigurationIsVisible = 0;
			defaultConfigurationName = Release;
		};
/* End XCConfigurationList section */
	};
	rootObject = B9BADFB11B0A762D00C2E98F /* Project object */;
}
