// !$*UTF8*$!
{
	archiveVersion = 1;
	classes = {
	};
	objectVersion = 46;
	objects = {

/* Begin PBXBuildFile section */
		B98316C91AFED2E7000E93F5 /* Instructor.cpp in Sources */ = {isa = PBXBuildFile; fileRef = B98316C31AFED2E7000E93F5 /* Instructor.cpp */; };
		B98316CA1AFED2E7000E93F5 /* Person.cpp in Sources */ = {isa = PBXBuildFile; fileRef = B98316C51AFED2E7000E93F5 /* Person.cpp */; };
		B98316CB1AFED2E7000E93F5 /* Student.cpp in Sources */ = {isa = PBXBuildFile; fileRef = B98316C71AFED2E7000E93F5 /* Student.cpp */; };
		B98316CD1AFED3BE000E93F5 /* main.cpp in Sources */ = {isa = PBXBuildFile; fileRef = B98316CC1AFED3BE000E93F5 /* main.cpp */; };
/* End PBXBuildFile section */

/* Begin PBXCopyFilesBuildPhase section */
		B9D6DF201AFB28C5007FB076 /* CopyFiles */ = {
			isa = PBXCopyFilesBuildPhase;
			buildActionMask = 2147483647;
			dstPath = /usr/share/man/man1/;
			dstSubfolderSpec = 0;
			files = (
			);
			runOnlyForDeploymentPostprocessing = 1;
		};
/* End PBXCopyFilesBuildPhase section */

/* Begin PBXFileReference section */
		B98316C11AFED2D3000E93F5 /* Lab5 */ = {isa = PBXFileReference; explicitFileType = "compiled.mach-o.executable"; includeInIndex = 0; path = Lab5; sourceTree = BUILT_PRODUCTS_DIR; };
		B98316C31AFED2E7000E93F5 /* Instructor.cpp */ = {isa = PBXFileReference; fileEncoding = 4; lastKnownFileType = sourcecode.cpp.cpp; path = Instructor.cpp; sourceTree = "<group>"; };
		B98316C41AFED2E7000E93F5 /* Instructor.h */ = {isa = PBXFileReference; fileEncoding = 4; lastKnownFileType = sourcecode.c.h; path = Instructor.h; sourceTree = "<group>"; };
		B98316C51AFED2E7000E93F5 /* Person.cpp */ = {isa = PBXFileReference; fileEncoding = 4; lastKnownFileType = sourcecode.cpp.cpp; path = Person.cpp; sourceTree = "<group>"; };
		B98316C61AFED2E7000E93F5 /* Person.h */ = {isa = PBXFileReference; fileEncoding = 4; lastKnownFileType = sourcecode.c.h; path = Person.h; sourceTree = "<group>"; };
		B98316C71AFED2E7000E93F5 /* Student.cpp */ = {isa = PBXFileReference; fileEncoding = 4; lastKnownFileType = sourcecode.cpp.cpp; path = Student.cpp; sourceTree = "<group>"; };
		B98316C81AFED2E7000E93F5 /* Student.h */ = {isa = PBXFileReference; fileEncoding = 4; lastKnownFileType = sourcecode.c.h; path = Student.h; sourceTree = "<group>"; };
		B98316CC1AFED3BE000E93F5 /* main.cpp */ = {isa = PBXFileReference; fileEncoding = 4; lastKnownFileType = sourcecode.cpp.cpp; path = main.cpp; sourceTree = "<group>"; };
/* End PBXFileReference section */

/* Begin PBXFrameworksBuildPhase section */
		B9D6DF1F1AFB28C5007FB076 /* Frameworks */ = {
			isa = PBXFrameworksBuildPhase;
			buildActionMask = 2147483647;
			files = (
			);
			runOnlyForDeploymentPostprocessing = 0;
		};
/* End PBXFrameworksBuildPhase section */

/* Begin PBXGroup section */
		B98316C21AFED2E7000E93F5 /* UML */ = {
			isa = PBXGroup;
			children = (
				B98316C31AFED2E7000E93F5 /* Instructor.cpp */,
				B98316C41AFED2E7000E93F5 /* Instructor.h */,
				B98316C51AFED2E7000E93F5 /* Person.cpp */,
				B98316C61AFED2E7000E93F5 /* Person.h */,
				B98316C71AFED2E7000E93F5 /* Student.cpp */,
				B98316C81AFED2E7000E93F5 /* Student.h */,
				B98316CC1AFED3BE000E93F5 /* main.cpp */,
			);
			path = UML;
			sourceTree = "<group>";
		};
		B9D6DF191AFB28C5007FB076 = {
			isa = PBXGroup;
			children = (
				B98316C21AFED2E7000E93F5 /* UML */,
				B9D6DF241AFB28C5007FB076 /* Lab5 */,
				B98316C11AFED2D3000E93F5 /* Lab5 */,
			);
			sourceTree = "<group>";
		};
		B9D6DF241AFB28C5007FB076 /* Lab5 */ = {
			isa = PBXGroup;
			children = (
			);
			path = Lab5;
			sourceTree = "<group>";
		};
/* End PBXGroup section */

/* Begin PBXNativeTarget section */
		B9D6DF211AFB28C5007FB076 /* Lab5 */ = {
			isa = PBXNativeTarget;
			buildConfigurationList = B9D6DF291AFB28C5007FB076 /* Build configuration list for PBXNativeTarget "Lab5" */;
			buildPhases = (
				B9D6DF1E1AFB28C5007FB076 /* Sources */,
				B9D6DF1F1AFB28C5007FB076 /* Frameworks */,
				B9D6DF201AFB28C5007FB076 /* CopyFiles */,
			);
			buildRules = (
			);
			dependencies = (
			);
			name = Lab5;
			productName = Lab5;
			productReference = B98316C11AFED2D3000E93F5 /* Lab5 */;
			productType = "com.apple.product-type.tool";
		};
/* End PBXNativeTarget section */

/* Begin PBXProject section */
		B9D6DF1A1AFB28C5007FB076 /* Project object */ = {
			isa = PBXProject;
			attributes = {
				LastUpgradeCheck = 0620;
				ORGANIZATIONNAME = "Steven Tang";
				TargetAttributes = {
					B9D6DF211AFB28C5007FB076 = {
						CreatedOnToolsVersion = 6.2;
					};
				};
			};
			buildConfigurationList = B9D6DF1D1AFB28C5007FB076 /* Build configuration list for PBXProject "Lab5" */;
			compatibilityVersion = "Xcode 3.2";
			developmentRegion = English;
			hasScannedForEncodings = 0;
			knownRegions = (
				en,
			);
			mainGroup = B9D6DF191AFB28C5007FB076;
			productRefGroup = B9D6DF191AFB28C5007FB076;
			projectDirPath = "";
			projectRoot = "";
			targets = (
				B9D6DF211AFB28C5007FB076 /* Lab5 */,
			);
		};
/* End PBXProject section */

/* Begin PBXSourcesBuildPhase section */
		B9D6DF1E1AFB28C5007FB076 /* Sources */ = {
			isa = PBXSourcesBuildPhase;
			buildActionMask = 2147483647;
			files = (
				B98316CB1AFED2E7000E93F5 /* Student.cpp in Sources */,
				B98316CA1AFED2E7000E93F5 /* Person.cpp in Sources */,
				B98316CD1AFED3BE000E93F5 /* main.cpp in Sources */,
				B98316C91AFED2E7000E93F5 /* Instructor.cpp in Sources */,
			);
			runOnlyForDeploymentPostprocessing = 0;
		};
/* End PBXSourcesBuildPhase section */

/* Begin XCBuildConfiguration section */
		B9D6DF271AFB28C5007FB076 /* Debug */ = {
			isa = XCBuildConfiguration;
			buildSettings = {
				ALWAYS_SEARCH_USER_PATHS = NO;
				CLANG_CXX_LANGUAGE_STANDARD = "gnu++0x";
				CLANG_CXX_LIBRARY = "libc++";
				CLANG_ENABLE_MODULES = YES;
				CLANG_ENABLE_OBJC_ARC = YES;
				CLANG_WARN_BOOL_CONVERSION = YES;
				CLANG_WARN_CONSTANT_CONVERSION = YES;
				CLANG_WARN_DIRECT_OBJC_ISA_USAGE = YES_ERROR;
				CLANG_WARN_EMPTY_BODY = YES;
				CLANG_WARN_ENUM_CONVERSION = YES;
				CLANG_WARN_INT_CONVERSION = YES;
				CLANG_WARN_OBJC_ROOT_CLASS = YES_ERROR;
				CLANG_WARN_UNREACHABLE_CODE = YES;
				CLANG_WARN__DUPLICATE_METHOD_MATCH = YES;
				COPY_PHASE_STRIP = NO;
				ENABLE_STRICT_OBJC_MSGSEND = YES;
				GCC_C_LANGUAGE_STANDARD = gnu99;
				GCC_DYNAMIC_NO_PIC = NO;
				GCC_OPTIMIZATION_LEVEL = 0;
				GCC_PREPROCESSOR_DEFINITIONS = (
					"DEBUG=1",
					"$(inherited)",
				);
				GCC_SYMBOLS_PRIVATE_EXTERN = NO;
				GCC_WARN_64_TO_32_BIT_CONVERSION = YES;
				GCC_WARN_ABOUT_RETURN_TYPE = YES_ERROR;
				GCC_WARN_UNDECLARED_SELECTOR = YES;
				GCC_WARN_UNINITIALIZED_AUTOS = YES_AGGRESSIVE;
				GCC_WARN_UNUSED_FUNCTION = YES;
				GCC_WARN_UNUSED_VARIABLE = YES;
				MACOSX_DEPLOYMENT_TARGET = 10.10;
				MTL_ENABLE_DEBUG_INFO = YES;
				ONLY_ACTIVE_ARCH = YES;
				SDKROOT = macosx;
			};
			name = Debug;
		};
		B9D6DF281AFB28C5007FB076 /* Release */ = {
			isa = XCBuildConfiguration;
			buildSettings = {
				ALWAYS_SEARCH_USER_PATHS = NO;
				CLANG_CXX_LANGUAGE_STANDARD = "gnu++0x";
				CLANG_CXX_LIBRARY = "libc++";
				CLANG_ENABLE_MODULES = YES;
				CLANG_ENABLE_OBJC_ARC = YES;
				CLANG_WARN_BOOL_CONVERSION = YES;
				CLANG_WARN_CONSTANT_CONVERSION = YES;
				CLANG_WARN_DIRECT_OBJC_ISA_USAGE = YES_ERROR;
				CLANG_WARN_EMPTY_BODY = YES;
				CLANG_WARN_ENUM_CONVERSION = YES;
				CLANG_WARN_INT_CONVERSION = YES;
				CLANG_WARN_OBJC_ROOT_CLASS = YES_ERROR;
				CLANG_WARN_UNREACHABLE_CODE = YES;
				CLANG_WARN__DUPLICATE_METHOD_MATCH = YES;
				COPY_PHASE_STRIP = NO;
				DEBUG_INFORMATION_FORMAT = "dwarf-with-dsym";
				ENABLE_NS_ASSERTIONS = NO;
				ENABLE_STRICT_OBJC_MSGSEND = YES;
				GCC_C_LANGUAGE_STANDARD = gnu99;
				GCC_WARN_64_TO_32_BIT_CONVERSION = YES;
				GCC_WARN_ABOUT_RETURN_TYPE = YES_ERROR;
				GCC_WARN_UNDECLARED_SELECTOR = YES;
				GCC_WARN_UNINITIALIZED_AUTOS = YES_AGGRESSIVE;
				GCC_WARN_UNUSED_FUNCTION = YES;
				GCC_WARN_UNUSED_VARIABLE = YES;
				MACOSX_DEPLOYMENT_TARGET = 10.10;
				MTL_ENABLE_DEBUG_INFO = NO;
				SDKROOT = macosx;
			};
			name = Release;
		};
		B9D6DF2A1AFB28C5007FB076 /* Debug */ = {
			isa = XCBuildConfiguration;
			buildSettings = {
				PRODUCT_NAME = "$(TARGET_NAME)";
			};
			name = Debug;
		};
		B9D6DF2B1AFB28C5007FB076 /* Release */ = {
			isa = XCBuildConfiguration;
			buildSettings = {
				PRODUCT_NAME = "$(TARGET_NAME)";
			};
			name = Release;
		};
/* End XCBuildConfiguration section */

/* Begin XCConfigurationList section */
		B9D6DF1D1AFB28C5007FB076 /* Build configuration list for PBXProject "Lab5" */ = {
			isa = XCConfigurationList;
			buildConfigurations = (
				B9D6DF271AFB28C5007FB076 /* Debug */,
				B9D6DF281AFB28C5007FB076 /* Release */,
			);
			defaultConfigurationIsVisible = 0;
			defaultConfigurationName = Release;
		};
		B9D6DF291AFB28C5007FB076 /* Build configuration list for PBXNativeTarget "Lab5" */ = {
			isa = XCConfigurationList;
			buildConfigurations = (
				B9D6DF2A1AFB28C5007FB076 /* Debug */,
				B9D6DF2B1AFB28C5007FB076 /* Release */,
			);
			defaultConfigurationIsVisible = 0;
			defaultConfigurationName = Release;
		};
/* End XCConfigurationList section */
	};
	rootObject = B9D6DF1A1AFB28C5007FB076 /* Project object */;
}
